
Microsoft Visual Studio Solution File, Format Version 12.00
# Visual Studio Version 16
VisualStudioVersion = 16.0.34407.143
MinimumVisualStudioVersion = 10.0.40219.1
Project("{FAE04EC0-301F-11D3-BF4B-00C04F79EFBC}") = "cal", "cal\cal.csproj", "{2237C3F3-1AEA-446A-AD00-859AD502F82D}"
EndProject
Global
	GlobalSection(SolutionConfigurationPlatforms) = preSolution
		Debug|Any CPU = Debug|Any CPU
		Release|Any CPU = Release|Any CPU
	EndGlobalSection
	GlobalSection(ProjectConfigurationPlatforms) = postSolution
		{2237C3F3-1AEA-446A-AD00-859AD502F82D}.Debug|Any CPU.ActiveCfg = Debug|Any CPU
		{2237C3F3-1AEA-446A-AD00-859AD502F82D}.Debug|Any CPU.Build.0 = Debug|Any CPU
		{2237C3F3-1AEA-446A-AD00-859AD502F82D}.Release|Any CPU.ActiveCfg = Release|Any CPU
		{2237C3F3-1AEA-446A-AD00-859AD502F82D}.Release|Any CPU.Build.0 = Release|Any CPU
	EndGlobalSection
	GlobalSection(SolutionProperties) = preSolution
		HideSolutionNode = FALSE
	EndGlobalSection
	GlobalSection(ExtensibilityGlobals) = postSolution
		SolutionGuid = {98D7CD03-D193-4188-A66E-FC7C4D2F6DB0}
	EndGlobalSection
EndGlobal
